
Microsoft Visual Studio Solution File, Format Version 12.00
# Visual Studio 2012
Project("{FAE04EC0-301F-11D3-BF4B-00C04F79EFBC}") = "WHMCS.Net", "WHMCS.net\WHMCS.Net.csproj", "{846231F2-7D3F-4189-882C-165E96B2DA4C}"
EndProject
Project("{FAE04EC0-301F-11D3-BF4B-00C04F79EFBC}") = "WHMCS.Net.Tests", "WHMCS.Net.Test\WHMCS.Net.Tests.csproj", "{0767F795-9A66-4D11-A4CA-2ACE7F904A9E}"
EndProject
Global
	GlobalSection(SolutionConfigurationPlatforms) = preSolution
		Debug|Any CPU = Debug|Any CPU
		Release|Any CPU = Release|Any CPU
	EndGlobalSection
	GlobalSection(ProjectConfigurationPlatforms) = postSolution
		{846231F2-7D3F-4189-882C-165E96B2DA4C}.Debug|Any CPU.ActiveCfg = Debug|Any CPU
		{846231F2-7D3F-4189-882C-165E96B2DA4C}.Debug|Any CPU.Build.0 = Debug|Any CPU
		{846231F2-7D3F-4189-882C-165E96B2DA4C}.Release|Any CPU.ActiveCfg = Release|Any CPU
		{846231F2-7D3F-4189-882C-165E96B2DA4C}.Release|Any CPU.Build.0 = Release|Any CPU
		{0767F795-9A66-4D11-A4CA-2ACE7F904A9E}.Debug|Any CPU.ActiveCfg = Debug|Any CPU
		{0767F795-9A66-4D11-A4CA-2ACE7F904A9E}.Debug|Any CPU.Build.0 = Debug|Any CPU
		{0767F795-9A66-4D11-A4CA-2ACE7F904A9E}.Release|Any CPU.ActiveCfg = Release|Any CPU
		{0767F795-9A66-4D11-A4CA-2ACE7F904A9E}.Release|Any CPU.Build.0 = Release|Any CPU
	EndGlobalSection
	GlobalSection(SolutionProperties) = preSolution
		HideSolutionNode = FALSE
	EndGlobalSection
EndGlobal
